
Microsoft Visual Studio Solution File, Format Version 12.00
Project("{FAE04EC0-301F-11D3-BF4B-00C04F79EFBC}") = "ToxVoice", "ToxVoice\ToxVoice.csproj", "{307633CE-D00F-48B5-8E3A-0669A09BD7DA}"
EndProject
Global
	GlobalSection(SolutionConfigurationPlatforms) = preSolution
		Debug|Any CPU = Debug|Any CPU
		Release|Any CPU = Release|Any CPU
	EndGlobalSection
	GlobalSection(ProjectConfigurationPlatforms) = postSolution
		{307633CE-D00F-48B5-8E3A-0669A09BD7DA}.Debug|Any CPU.ActiveCfg = Debug|Any CPU
		{307633CE-D00F-48B5-8E3A-0669A09BD7DA}.Debug|Any CPU.Build.0 = Debug|Any CPU
		{307633CE-D00F-48B5-8E3A-0669A09BD7DA}.Release|Any CPU.ActiveCfg = Release|Any CPU
		{307633CE-D00F-48B5-8E3A-0669A09BD7DA}.Release|Any CPU.Build.0 = Release|Any CPU
	EndGlobalSection
EndGlobal
